// !$*UTF8*$!
{
	archiveVersion = 1;
	classes = {
	};
	objectVersion = 55;
	objects = {

/* Begin PBXBuildFile section */
		974946C828639F8C0015F7A1 /* DetailViewController.swift in Sources */ = {isa = PBXBuildFile; fileRef = 974946C728639F8C0015F7A1 /* DetailViewController.swift */; };
		974946CA2863AB4D0015F7A1 /* Extensions.swift in Sources */ = {isa = PBXBuildFile; fileRef = 974946C92863AB4D0015F7A1 /* Extensions.swift */; };
		97F0AA1E286373BB00451DFB /* AppDelegate.swift in Sources */ = {isa = PBXBuildFile; fileRef = 97F0AA1D286373BB00451DFB /* AppDelegate.swift */; };
		97F0AA20286373BB00451DFB /* SceneDelegate.swift in Sources */ = {isa = PBXBuildFile; fileRef = 97F0AA1F286373BB00451DFB /* SceneDelegate.swift */; };
		97F0AA22286373BB00451DFB /* MainViewController.swift in Sources */ = {isa = PBXBuildFile; fileRef = 97F0AA21286373BB00451DFB /* MainViewController.swift */; };
		97F0AA25286373BB00451DFB /* Main.storyboard in Resources */ = {isa = PBXBuildFile; fileRef = 97F0AA23286373BB00451DFB /* Main.storyboard */; };
		97F0AA27286373BD00451DFB /* Assets.xcassets in Resources */ = {isa = PBXBuildFile; fileRef = 97F0AA26286373BD00451DFB /* Assets.xcassets */; };
		97F0AA2A286373BD00451DFB /* LaunchScreen.storyboard in Resources */ = {isa = PBXBuildFile; fileRef = 97F0AA28286373BD00451DFB /* LaunchScreen.storyboard */; };
		97F0AA36286375C500451DFB /* ApiConnection.swift in Sources */ = {isa = PBXBuildFile; fileRef = 97F0AA35286375C500451DFB /* ApiConnection.swift */; };
		97F0AA38286375F600451DFB /* Messages.swift in Sources */ = {isa = PBXBuildFile; fileRef = 97F0AA37286375F600451DFB /* Messages.swift */; };
		97F0AA3A2863762F00451DFB /* Util.swift in Sources */ = {isa = PBXBuildFile; fileRef = 97F0AA392863762F00451DFB /* Util.swift */; };
		97F0AA3C2863766100451DFB /* NewsData.swift in Sources */ = {isa = PBXBuildFile; fileRef = 97F0AA3B2863766100451DFB /* NewsData.swift */; };
		97F0AA3E2863783E00451DFB /* MainTableViewCell.swift in Sources */ = {isa = PBXBuildFile; fileRef = 97F0AA3D2863783E00451DFB /* MainTableViewCell.swift */; };
/* End PBXBuildFile section */

/* Begin PBXFileReference section */
		974946C728639F8C0015F7A1 /* DetailViewController.swift */ = {isa = PBXFileReference; lastKnownFileType = sourcecode.swift; path = DetailViewController.swift; sourceTree = "<group>"; };
		974946C92863AB4D0015F7A1 /* Extensions.swift */ = {isa = PBXFileReference; lastKnownFileType = sourcecode.swift; path = Extensions.swift; sourceTree = "<group>"; };
		97F0AA1A286373BB00451DFB /* GlobalLogic.app */ = {isa = PBXFileReference; explicitFileType = wrapper.application; includeInIndex = 0; path = GlobalLogic.app; sourceTree = BUILT_PRODUCTS_DIR; };
		97F0AA1D286373BB00451DFB /* AppDelegate.swift */ = {isa = PBXFileReference; lastKnownFileType = sourcecode.swift; path = AppDelegate.swift; sourceTree = "<group>"; };
		97F0AA1F286373BB00451DFB /* SceneDelegate.swift */ = {isa = PBXFileReference; lastKnownFileType = sourcecode.swift; path = SceneDelegate.swift; sourceTree = "<group>"; };
		97F0AA21286373BB00451DFB /* MainViewController.swift */ = {isa = PBXFileReference; lastKnownFileType = sourcecode.swift; path = MainViewController.swift; sourceTree = "<group>"; };
		97F0AA24286373BB00451DFB /* Base */ = {isa = PBXFileReference; lastKnownFileType = file.storyboard; name = Base; path = Base.lproj/Main.storyboard; sourceTree = "<group>"; };
		97F0AA26286373BD00451DFB /* Assets.xcassets */ = {isa = PBXFileReference; lastKnownFileType = folder.assetcatalog; path = Assets.xcassets; sourceTree = "<group>"; };
		97F0AA29286373BD00451DFB /* Base */ = {isa = PBXFileReference; lastKnownFileType = file.storyboard; name = Base; path = Base.lproj/LaunchScreen.storyboard; sourceTree = "<group>"; };
		97F0AA2B286373BD00451DFB /* Info.plist */ = {isa = PBXFileReference; lastKnownFileType = text.plist.xml; path = Info.plist; sourceTree = "<group>"; };
		97F0AA35286375C500451DFB /* ApiConnection.swift */ = {isa = PBXFileReference; lastKnownFileType = sourcecode.swift; path = ApiConnection.swift; sourceTree = "<group>"; };
		97F0AA37286375F600451DFB /* Messages.swift */ = {isa = PBXFileReference; lastKnownFileType = sourcecode.swift; path = Messages.swift; sourceTree = "<group>"; };
		97F0AA392863762F00451DFB /* Util.swift */ = {isa = PBXFileReference; lastKnownFileType = sourcecode.swift; path = Util.swift; sourceTree = "<group>"; };
		97F0AA3B2863766100451DFB /* NewsData.swift */ = {isa = PBXFileReference; lastKnownFileType = sourcecode.swift; path = NewsData.swift; sourceTree = "<group>"; };
		97F0AA3D2863783E00451DFB /* MainTableViewCell.swift */ = {isa = PBXFileReference; lastKnownFileType = sourcecode.swift; path = MainTableViewCell.swift; sourceTree = "<group>"; };
/* End PBXFileReference section */

/* Begin PBXFrameworksBuildPhase section */
		97F0AA17286373BB00451DFB /* Frameworks */ = {
			isa = PBXFrameworksBuildPhase;
			buildActionMask = 2147483647;
			files = (
			);
			runOnlyForDeploymentPostprocessing = 0;
		};
/* End PBXFrameworksBuildPhase section */

/* Begin PBXGroup section */
		97F0AA11286373BB00451DFB = {
			isa = PBXGroup;
			children = (
				97F0AA1C286373BB00451DFB /* GlobalLogic */,
				97F0AA1B286373BB00451DFB /* Products */,
			);
			sourceTree = "<group>";
		};
		97F0AA1B286373BB00451DFB /* Products */ = {
			isa = PBXGroup;
			children = (
				97F0AA1A286373BB00451DFB /* GlobalLogic.app */,
			);
			name = Products;
			sourceTree = "<group>";
		};
		97F0AA1C286373BB00451DFB /* GlobalLogic */ = {
			isa = PBXGroup;
			children = (
				97F0AA312863756C00451DFB /* NewsMain */,
				97F0AA322863758100451DFB /* NewsDetail */,
				97F0AA332863759400451DFB /* Config */,
				97F0AA34286375A600451DFB /* Utilities */,
				97F0AA23286373BB00451DFB /* Main.storyboard */,
				97F0AA26286373BD00451DFB /* Assets.xcassets */,
				97F0AA28286373BD00451DFB /* LaunchScreen.storyboard */,
				97F0AA2B286373BD00451DFB /* Info.plist */,
			);
			path = GlobalLogic;
			sourceTree = "<group>";
		};
		97F0AA312863756C00451DFB /* NewsMain */ = {
			isa = PBXGroup;
			children = (
				97F0AA21286373BB00451DFB /* MainViewController.swift */,
				97F0AA3D2863783E00451DFB /* MainTableViewCell.swift */,
				97F0AA3B2863766100451DFB /* NewsData.swift */,
			);
			path = NewsMain;
			sourceTree = "<group>";
		};
		97F0AA322863758100451DFB /* NewsDetail */ = {
			isa = PBXGroup;
			children = (
				974946C728639F8C0015F7A1 /* DetailViewController.swift */,
			);
			path = NewsDetail;
			sourceTree = "<group>";
		};
		97F0AA332863759400451DFB /* Config */ = {
			isa = PBXGroup;
			children = (
				97F0AA1D286373BB00451DFB /* AppDelegate.swift */,
				97F0AA1F286373BB00451DFB /* SceneDelegate.swift */,
			);
			path = Config;
			sourceTree = "<group>";
		};
		97F0AA34286375A600451DFB /* Utilities */ = {
			isa = PBXGroup;
			children = (
				97F0AA35286375C500451DFB /* ApiConnection.swift */,
				974946C92863AB4D0015F7A1 /* Extensions.swift */,
				97F0AA37286375F600451DFB /* Messages.swift */,
				97F0AA392863762F00451DFB /* Util.swift */,
			);
			path = Utilities;
			sourceTree = "<group>";
		};
/* End PBXGroup section */

/* Begin PBXNativeTarget section */
		97F0AA19286373BB00451DFB /* GlobalLogic */ = {
			isa = PBXNativeTarget;
			buildConfigurationList = 97F0AA2E286373BD00451DFB /* Build configuration list for PBXNativeTarget "GlobalLogic" */;
			buildPhases = (
				97F0AA16286373BB00451DFB /* Sources */,
				97F0AA17286373BB00451DFB /* Frameworks */,
				97F0AA18286373BB00451DFB /* Resources */,
			);
			buildRules = (
			);
			dependencies = (
			);
			name = GlobalLogic;
			productName = GlobalLogic;
			productReference = 97F0AA1A286373BB00451DFB /* GlobalLogic.app */;
			productType = "com.apple.product-type.application";
		};
/* End PBXNativeTarget section */

/* Begin PBXProject section */
		97F0AA12286373BB00451DFB /* Project object */ = {
			isa = PBXProject;
			attributes = {
				BuildIndependentTargetsInParallel = 1;
				LastSwiftUpdateCheck = 1320;
				LastUpgradeCheck = 1320;
				TargetAttributes = {
					97F0AA19286373BB00451DFB = {
						CreatedOnToolsVersion = 13.2.1;
					};
				};
			};
			buildConfigurationList = 97F0AA15286373BB00451DFB /* Build configuration list for PBXProject "GlobalLogic" */;
			compatibilityVersion = "Xcode 13.0";
			developmentRegion = en;
			hasScannedForEncodings = 0;
			knownRegions = (
				en,
				Base,
			);
			mainGroup = 97F0AA11286373BB00451DFB;
			productRefGroup = 97F0AA1B286373BB00451DFB /* Products */;
			projectDirPath = "";
			projectRoot = "";
			targets = (
				97F0AA19286373BB00451DFB /* GlobalLogic */,
			);
		};
/* End PBXProject section */

/* Begin PBXResourcesBuildPhase section */
		97F0AA18286373BB00451DFB /* Resources */ = {
			isa = PBXResourcesBuildPhase;
			buildActionMask = 2147483647;
			files = (
				97F0AA2A286373BD00451DFB /* LaunchScreen.storyboard in Resources */,
				97F0AA27286373BD00451DFB /* Assets.xcassets in Resources */,
				97F0AA25286373BB00451DFB /* Main.storyboard in Resources */,
			);
			runOnlyForDeploymentPostprocessing = 0;
		};
/* End PBXResourcesBuildPhase section */

/* Begin PBXSourcesBuildPhase section */
		97F0AA16286373BB00451DFB /* Sources */ = {
			isa = PBXSourcesBuildPhase;
			buildActionMask = 2147483647;
			files = (
				974946C828639F8C0015F7A1 /* DetailViewController.swift in Sources */,
				97F0AA36286375C500451DFB /* ApiConnection.swift in Sources */,
				97F0AA3A2863762F00451DFB /* Util.swift in Sources */,
				97F0AA3E2863783E00451DFB /* MainTableViewCell.swift in Sources */,
				97F0AA22286373BB00451DFB /* MainViewController.swift in Sources */,
				974946CA2863AB4D0015F7A1 /* Extensions.swift in Sources */,
				97F0AA38286375F600451DFB /* Messages.swift in Sources */,
				97F0AA1E286373BB00451DFB /* AppDelegate.swift in Sources */,
				97F0AA20286373BB00451DFB /* SceneDelegate.swift in Sources */,
				97F0AA3C2863766100451DFB /* NewsData.swift in Sources */,
			);
			runOnlyForDeploymentPostprocessing = 0;
		};
/* End PBXSourcesBuildPhase section */

/* Begin PBXVariantGroup section */
		97F0AA23286373BB00451DFB /* Main.storyboard */ = {
			isa = PBXVariantGroup;
			children = (
				97F0AA24286373BB00451DFB /* Base */,
			);
			name = Main.storyboard;
			sourceTree = "<group>";
		};
		97F0AA28286373BD00451DFB /* LaunchScreen.storyboard */ = {
			isa = PBXVariantGroup;
			children = (
				97F0AA29286373BD00451DFB /* Base */,
			);
			name = LaunchScreen.storyboard;
			sourceTree = "<group>";
		};
/* End PBXVariantGroup section */

/* Begin XCBuildConfiguration section */
		97F0AA2C286373BD00451DFB /* Debug */ = {
			isa = XCBuildConfiguration;
			buildSettings = {
				ALWAYS_SEARCH_USER_PATHS = NO;
				CLANG_ANALYZER_NONNULL = YES;
				CLANG_ANALYZER_NUMBER_OBJECT_CONVERSION = YES_AGGRESSIVE;
				CLANG_CXX_LANGUAGE_STANDARD = "gnu++17";
				CLANG_CXX_LIBRARY = "libc++";
				CLANG_ENABLE_MODULES = YES;
				CLANG_ENABLE_OBJC_ARC = YES;
				CLANG_ENABLE_OBJC_WEAK = YES;
				CLANG_WARN_BLOCK_CAPTURE_AUTORELEASING = YES;
				CLANG_WARN_BOOL_CONVERSION = YES;
				CLANG_WARN_COMMA = YES;
				CLANG_WARN_CONSTANT_CONVERSION = YES;
				CLANG_WARN_DEPRECATED_OBJC_IMPLEMENTATIONS = YES;
				CLANG_WARN_DIRECT_OBJC_ISA_USAGE = YES_ERROR;
				CLANG_WARN_DOCUMENTATION_COMMENTS = YES;
				CLANG_WARN_EMPTY_BODY = YES;
				CLANG_WARN_ENUM_CONVERSION = YES;
				CLANG_WARN_INFINITE_RECURSION = YES;
				CLANG_WARN_INT_CONVERSION = YES;
				CLANG_WARN_NON_LITERAL_NULL_CONVERSION = YES;
				CLANG_WARN_OBJC_IMPLICIT_RETAIN_SELF = YES;
				CLANG_WARN_OBJC_LITERAL_CONVERSION = YES;
				CLANG_WARN_OBJC_ROOT_CLASS = YES_ERROR;
				CLANG_WARN_QUOTED_INCLUDE_IN_FRAMEWORK_HEADER = YES;
				CLANG_WARN_RANGE_LOOP_ANALYSIS = YES;
				CLANG_WARN_STRICT_PROTOTYPES = YES;
				CLANG_WARN_SUSPICIOUS_MOVE = YES;
				CLANG_WARN_UNGUARDED_AVAILABILITY = YES_AGGRESSIVE;
				CLANG_WARN_UNREACHABLE_CODE = YES;
				CLANG_WARN__DUPLICATE_METHOD_MATCH = YES;
				COPY_PHASE_STRIP = NO;
				DEBUG_INFORMATION_FORMAT = dwarf;
				ENABLE_STRICT_OBJC_MSGSEND = YES;
				ENABLE_TESTABILITY = YES;
				GCC_C_LANGUAGE_STANDARD = gnu11;
				GCC_DYNAMIC_NO_PIC = NO;
				GCC_NO_COMMON_BLOCKS = YES;
				GCC_OPTIMIZATION_LEVEL = 0;
				GCC_PREPROCESSOR_DEFINITIONS = (
					"DEBUG=1",
					"$(inherited)",
				);
				GCC_WARN_64_TO_32_BIT_CONVERSION = YES;
				GCC_WARN_ABOUT_RETURN_TYPE = YES_ERROR;
				GCC_WARN_UNDECLARED_SELECTOR = YES;
				GCC_WARN_UNINITIALIZED_AUTOS = YES_AGGRESSIVE;
				GCC_WARN_UNUSED_FUNCTION = YES;
				GCC_WARN_UNUSED_VARIABLE = YES;
				IPHONEOS_DEPLOYMENT_TARGET = 15.2;
				MTL_ENABLE_DEBUG_INFO = INCLUDE_SOURCE;
				MTL_FAST_MATH = YES;
				ONLY_ACTIVE_ARCH = YES;
				SDKROOT = iphoneos;
				SWIFT_ACTIVE_COMPILATION_CONDITIONS = DEBUG;
				SWIFT_OPTIMIZATION_LEVEL = "-Onone";
			};
			name = Debug;
		};
		97F0AA2D286373BD00451DFB /* Release */ = {
			isa = XCBuildConfiguration;
			buildSettings = {
				ALWAYS_SEARCH_USER_PATHS = NO;
				CLANG_ANALYZER_NONNULL = YES;
				CLANG_ANALYZER_NUMBER_OBJECT_CONVERSION = YES_AGGRESSIVE;
				CLANG_CXX_LANGUAGE_STANDARD = "gnu++17";
				CLANG_CXX_LIBRARY = "libc++";
				CLANG_ENABLE_MODULES = YES;
				CLANG_ENABLE_OBJC_ARC = YES;
				CLANG_ENABLE_OBJC_WEAK = YES;
				CLANG_WARN_BLOCK_CAPTURE_AUTORELEASING = YES;
				CLANG_WARN_BOOL_CONVERSION = YES;
				CLANG_WARN_COMMA = YES;
				CLANG_WARN_CONSTANT_CONVERSION = YES;
				CLANG_WARN_DEPRECATED_OBJC_IMPLEMENTATIONS = YES;
				CLANG_WARN_DIRECT_OBJC_ISA_USAGE = YES_ERROR;
				CLANG_WARN_DOCUMENTATION_COMMENTS = YES;
				CLANG_WARN_EMPTY_BODY = YES;
				CLANG_WARN_ENUM_CONVERSION = YES;
				CLANG_WARN_INFINITE_RECURSION = YES;
				CLANG_WARN_INT_CONVERSION = YES;
				CLANG_WARN_NON_LITERAL_NULL_CONVERSION = YES;
				CLANG_WARN_OBJC_IMPLICIT_RETAIN_SELF = YES;
				CLANG_WARN_OBJC_LITERAL_CONVERSION = YES;
				CLANG_WARN_OBJC_ROOT_CLASS = YES_ERROR;
				CLANG_WARN_QUOTED_INCLUDE_IN_FRAMEWORK_HEADER = YES;
				CLANG_WARN_RANGE_LOOP_ANALYSIS = YES;
				CLANG_WARN_STRICT_PROTOTYPES = YES;
				CLANG_WARN_SUSPICIOUS_MOVE = YES;
				CLANG_WARN_UNGUARDED_AVAILABILITY = YES_AGGRESSIVE;
				CLANG_WARN_UNREACHABLE_CODE = YES;
				CLANG_WARN__DUPLICATE_METHOD_MATCH = YES;
				COPY_PHASE_STRIP = NO;
				DEBUG_INFORMATION_FORMAT = "dwarf-with-dsym";
				ENABLE_NS_ASSERTIONS = NO;
				ENABLE_STRICT_OBJC_MSGSEND = YES;
				GCC_C_LANGUAGE_STANDARD = gnu11;
				GCC_NO_COMMON_BLOCKS = YES;
				GCC_WARN_64_TO_32_BIT_CONVERSION = YES;
				GCC_WARN_ABOUT_RETURN_TYPE = YES_ERROR;
				GCC_WARN_UNDECLARED_SELECTOR = YES;
				GCC_WARN_UNINITIALIZED_AUTOS = YES_AGGRESSIVE;
				GCC_WARN_UNUSED_FUNCTION = YES;
				GCC_WARN_UNUSED_VARIABLE = YES;
				IPHONEOS_DEPLOYMENT_TARGET = 15.2;
				MTL_ENABLE_DEBUG_INFO = NO;
				MTL_FAST_MATH = YES;
				SDKROOT = iphoneos;
				SWIFT_COMPILATION_MODE = wholemodule;
				SWIFT_OPTIMIZATION_LEVEL = "-O";
				VALIDATE_PRODUCT = YES;
			};
			name = Release;
		};
		97F0AA2F286373BD00451DFB /* Debug */ = {
			isa = XCBuildConfiguration;
			buildSettings = {
				ASSETCATALOG_COMPILER_APPICON_NAME = AppIcon;
				ASSETCATALOG_COMPILER_GLOBAL_ACCENT_COLOR_NAME = AccentColor;
				CODE_SIGN_STYLE = Automatic;
				CURRENT_PROJECT_VERSION = 1;
				DEVELOPMENT_TEAM = 475939Z3R3;
				GENERATE_INFOPLIST_FILE = YES;
				INFOPLIST_FILE = GlobalLogic/Info.plist;
				INFOPLIST_KEY_UIApplicationSupportsIndirectInputEvents = YES;
				INFOPLIST_KEY_UILaunchStoryboardName = LaunchScreen;
				INFOPLIST_KEY_UIMainStoryboardFile = Main;
				INFOPLIST_KEY_UISupportedInterfaceOrientations_iPad = "UIInterfaceOrientationPortrait UIInterfaceOrientationPortraitUpsideDown UIInterfaceOrientationLandscapeLeft UIInterfaceOrientationLandscapeRight";
				INFOPLIST_KEY_UISupportedInterfaceOrientations_iPhone = "UIInterfaceOrientationPortrait UIInterfaceOrientationLandscapeLeft UIInterfaceOrientationLandscapeRight";
				LD_RUNPATH_SEARCH_PATHS = (
					"$(inherited)",
					"@executable_path/Frameworks",
				);
				MARKETING_VERSION = 1.0;
				PRODUCT_BUNDLE_IDENTIFIER = cl.ione.GlobalLogic;
				PRODUCT_NAME = "$(TARGET_NAME)";
				SWIFT_EMIT_LOC_STRINGS = YES;
				SWIFT_VERSION = 4.0;
				TARGETED_DEVICE_FAMILY = "1,2";
			};
			name = Debug;
		};
		97F0AA30286373BD00451DFB /* Release */ = {
			isa = XCBuildConfiguration;
			buildSettings = {
				ASSETCATALOG_COMPILER_APPICON_NAME = AppIcon;
				ASSETCATALOG_COMPILER_GLOBAL_ACCENT_COLOR_NAME = AccentColor;
				CODE_SIGN_STYLE = Automatic;
				CURRENT_PROJECT_VERSION = 1;
				DEVELOPMENT_TEAM = 475939Z3R3;
				GENERATE_INFOPLIST_FILE = YES;
				INFOPLIST_FILE = GlobalLogic/Info.plist;
				INFOPLIST_KEY_UIApplicationSupportsIndirectInputEvents = YES;
				INFOPLIST_KEY_UILaunchStoryboardName = LaunchScreen;
				INFOPLIST_KEY_UIMainStoryboardFile = Main;
				INFOPLIST_KEY_UISupportedInterfaceOrientations_iPad = "UIInterfaceOrientationPortrait UIInterfaceOrientationPortraitUpsideDown UIInterfaceOrientationLandscapeLeft UIInterfaceOrientationLandscapeRight";
				INFOPLIST_KEY_UISupportedInterfaceOrientations_iPhone = "UIInterfaceOrientationPortrait UIInterfaceOrientationLandscapeLeft UIInterfaceOrientationLandscapeRight";
				LD_RUNPATH_SEARCH_PATHS = (
					"$(inherited)",
					"@executable_path/Frameworks",
				);
				MARKETING_VERSION = 1.0;
				PRODUCT_BUNDLE_IDENTIFIER = cl.ione.GlobalLogic;
				PRODUCT_NAME = "$(TARGET_NAME)";
				SWIFT_EMIT_LOC_STRINGS = YES;
				SWIFT_VERSION = 4.0;
				TARGETED_DEVICE_FAMILY = "1,2";
			};
			name = Release;
		};
/* End XCBuildConfiguration section */

/* Begin XCConfigurationList section */
		97F0AA15286373BB00451DFB /* Build configuration list for PBXProject "GlobalLogic" */ = {
			isa = XCConfigurationList;
			buildConfigurations = (
				97F0AA2C286373BD00451DFB /* Debug */,
				97F0AA2D286373BD00451DFB /* Release */,
			);
			defaultConfigurationIsVisible = 0;
			defaultConfigurationName = Release;
		};
		97F0AA2E286373BD00451DFB /* Build configuration list for PBXNativeTarget "GlobalLogic" */ = {
			isa = XCConfigurationList;
			buildConfigurations = (
				97F0AA2F286373BD00451DFB /* Debug */,
				97F0AA30286373BD00451DFB /* Release */,
			);
			defaultConfigurationIsVisible = 0;
			defaultConfigurationName = Release;
		};
/* End XCConfigurationList section */
	};
	rootObject = 97F0AA12286373BB00451DFB /* Project object */;
}
